
Microsoft Visual Studio Solution File, Format Version 12.00
# Visual Studio 14
VisualStudioVersion = 14.0.24720.0
MinimumVisualStudioVersion = 10.0.40219.1
Project("{FAE04EC0-301F-11D3-BF4B-00C04F79EFBC}") = "ItsBreakout", "ItsBreakout\ItsBreakout\ItsBreakout.csproj", "{AAAD0F35-B5AB-4D94-AC14-0456F1A4FB2B}"
EndProject
Project("{96E2B04D-8817-42C6-938A-82C39BA4D311}") = "ItsBreakoutContent", "ItsBreakout\ItsBreakoutContent\ItsBreakoutContent.contentproj", "{DDB2CDBA-1A39-4F86-9EEE-D6E1B6F72131}"
EndProject
Global
	GlobalSection(SolutionConfigurationPlatforms) = preSolution
		Debug|x86 = Debug|x86
		Release|x86 = Release|x86
	EndGlobalSection
	GlobalSection(ProjectConfigurationPlatforms) = postSolution
		{AAAD0F35-B5AB-4D94-AC14-0456F1A4FB2B}.Debug|x86.ActiveCfg = Debug|x86
		{AAAD0F35-B5AB-4D94-AC14-0456F1A4FB2B}.Debug|x86.Build.0 = Debug|x86
		{AAAD0F35-B5AB-4D94-AC14-0456F1A4FB2B}.Release|x86.ActiveCfg = Release|x86
		{AAAD0F35-B5AB-4D94-AC14-0456F1A4FB2B}.Release|x86.Build.0 = Release|x86
		{DDB2CDBA-1A39-4F86-9EEE-D6E1B6F72131}.Debug|x86.ActiveCfg = Debug|x86
		{DDB2CDBA-1A39-4F86-9EEE-D6E1B6F72131}.Release|x86.ActiveCfg = Release|x86
	EndGlobalSection
	GlobalSection(SolutionProperties) = preSolution
		HideSolutionNode = FALSE
	EndGlobalSection
EndGlobal
